{
  "requires": true,
  "lockfileVersion": 1,
  "dependencies": {
    "eslint-config-standard": {
      "version": "7.1.0",
      "resolved": "https://registry.npmjs.org/eslint-config-standard/-/eslint-config-standard-7.1.0.tgz",
      "integrity": "sha1-R+dp6gc59bLVaTsaUBwhyWUPr88=",
      "dev": true
    },
    "eslint-plugin-standard": {
      "version": "2.3.1",
      "resolved": "https://registry.npmjs.org/eslint-plugin-standard/-/eslint-plugin-standard-2.3.1.tgz",
      "integrity": "sha1-Z2W9Km2ezce98bFFrkuzDit7hvg=",
      "dev": true
    }
  }
}
